// !$*UTF8*$!
{
	archiveVersion = 1;
	classes = {
	};
	objectVersion = 50;
	objects = {

/* Begin PBXBuildFile section */
		DB7A8D1C25B4C8DB00E8D2DF /* Tests_iOS.swift in Sources */ = {isa = PBXBuildFile; fileRef = DB7A8D1B25B4C8DB00E8D2DF /* Tests_iOS.swift */; };
		DB7A8D2725B4C8DB00E8D2DF /* Tests_macOS.swift in Sources */ = {isa = PBXBuildFile; fileRef = DB7A8D2625B4C8DB00E8D2DF /* Tests_macOS.swift */; };
		DB7A8D2925B4C8DB00E8D2DF /* pqApp.swift in Sources */ = {isa = PBXBuildFile; fileRef = DB7A8D0025B4C8D900E8D2DF /* pqApp.swift */; };
		DB7A8D2A25B4C8DB00E8D2DF /* pqApp.swift in Sources */ = {isa = PBXBuildFile; fileRef = DB7A8D0025B4C8D900E8D2DF /* pqApp.swift */; };
		DB7A8D2B25B4C8DB00E8D2DF /* ContentView.swift in Sources */ = {isa = PBXBuildFile; fileRef = DB7A8D0125B4C8D900E8D2DF /* ContentView.swift */; };
		DB7A8D2C25B4C8DB00E8D2DF /* ContentView.swift in Sources */ = {isa = PBXBuildFile; fileRef = DB7A8D0125B4C8D900E8D2DF /* ContentView.swift */; };
		DB7A8D2D25B4C8DB00E8D2DF /* Assets.xcassets in Resources */ = {isa = PBXBuildFile; fileRef = DB7A8D0225B4C8DB00E8D2DF /* Assets.xcassets */; };
		DB7A8D2E25B4C8DB00E8D2DF /* Assets.xcassets in Resources */ = {isa = PBXBuildFile; fileRef = DB7A8D0225B4C8DB00E8D2DF /* Assets.xcassets */; };
		DB7A8D4225B4CE3D00E8D2DF /* JoinView.swift in Sources */ = {isa = PBXBuildFile; fileRef = DB7A8D4125B4CE3D00E8D2DF /* JoinView.swift */; };
		DB7A8D4325B4CE3D00E8D2DF /* JoinView.swift in Sources */ = {isa = PBXBuildFile; fileRef = DB7A8D4125B4CE3D00E8D2DF /* JoinView.swift */; };
		DB7A8D5025B4E86C00E8D2DF /* ParticipantRoom.swift in Sources */ = {isa = PBXBuildFile; fileRef = DB7A8D4F25B4E86C00E8D2DF /* ParticipantRoom.swift */; };
		DB7A8D5125B4E86C00E8D2DF /* ParticipantRoom.swift in Sources */ = {isa = PBXBuildFile; fileRef = DB7A8D4F25B4E86C00E8D2DF /* ParticipantRoom.swift */; };
/* End PBXBuildFile section */

/* Begin PBXContainerItemProxy section */
		DB7A8D1825B4C8DB00E8D2DF /* PBXContainerItemProxy */ = {
			isa = PBXContainerItemProxy;
			containerPortal = DB7A8CFB25B4C8D900E8D2DF /* Project object */;
			proxyType = 1;
			remoteGlobalIDString = DB7A8D0625B4C8DB00E8D2DF;
			remoteInfo = "pq (iOS)";
		};
		DB7A8D2325B4C8DB00E8D2DF /* PBXContainerItemProxy */ = {
			isa = PBXContainerItemProxy;
			containerPortal = DB7A8CFB25B4C8D900E8D2DF /* Project object */;
			proxyType = 1;
			remoteGlobalIDString = DB7A8D0E25B4C8DB00E8D2DF;
			remoteInfo = "pq (macOS)";
		};
/* End PBXContainerItemProxy section */

/* Begin PBXFileReference section */
		DB7A8D0025B4C8D900E8D2DF /* pqApp.swift */ = {isa = PBXFileReference; lastKnownFileType = sourcecode.swift; path = pqApp.swift; sourceTree = "<group>"; };
		DB7A8D0125B4C8D900E8D2DF /* ContentView.swift */ = {isa = PBXFileReference; lastKnownFileType = sourcecode.swift; path = ContentView.swift; sourceTree = "<group>"; };
		DB7A8D0225B4C8DB00E8D2DF /* Assets.xcassets */ = {isa = PBXFileReference; lastKnownFileType = folder.assetcatalog; path = Assets.xcassets; sourceTree = "<group>"; };
		DB7A8D0725B4C8DB00E8D2DF /* pq.app */ = {isa = PBXFileReference; explicitFileType = wrapper.application; includeInIndex = 0; path = pq.app; sourceTree = BUILT_PRODUCTS_DIR; };
		DB7A8D0A25B4C8DB00E8D2DF /* Info.plist */ = {isa = PBXFileReference; lastKnownFileType = text.plist.xml; path = Info.plist; sourceTree = "<group>"; };
		DB7A8D0F25B4C8DB00E8D2DF /* pq.app */ = {isa = PBXFileReference; explicitFileType = wrapper.application; includeInIndex = 0; path = pq.app; sourceTree = BUILT_PRODUCTS_DIR; };
		DB7A8D1125B4C8DB00E8D2DF /* Info.plist */ = {isa = PBXFileReference; lastKnownFileType = text.plist.xml; path = Info.plist; sourceTree = "<group>"; };
		DB7A8D1225B4C8DB00E8D2DF /* macOS.entitlements */ = {isa = PBXFileReference; lastKnownFileType = text.plist.entitlements; path = macOS.entitlements; sourceTree = "<group>"; };
		DB7A8D1725B4C8DB00E8D2DF /* Tests iOS.xctest */ = {isa = PBXFileReference; explicitFileType = wrapper.cfbundle; includeInIndex = 0; path = "Tests iOS.xctest"; sourceTree = BUILT_PRODUCTS_DIR; };
		DB7A8D1B25B4C8DB00E8D2DF /* Tests_iOS.swift */ = {isa = PBXFileReference; lastKnownFileType = sourcecode.swift; path = Tests_iOS.swift; sourceTree = "<group>"; };
		DB7A8D1D25B4C8DB00E8D2DF /* Info.plist */ = {isa = PBXFileReference; lastKnownFileType = text.plist.xml; path = Info.plist; sourceTree = "<group>"; };
		DB7A8D2225B4C8DB00E8D2DF /* Tests macOS.xctest */ = {isa = PBXFileReference; explicitFileType = wrapper.cfbundle; includeInIndex = 0; path = "Tests macOS.xctest"; sourceTree = BUILT_PRODUCTS_DIR; };
		DB7A8D2625B4C8DB00E8D2DF /* Tests_macOS.swift */ = {isa = PBXFileReference; lastKnownFileType = sourcecode.swift; path = Tests_macOS.swift; sourceTree = "<group>"; };
		DB7A8D2825B4C8DB00E8D2DF /* Info.plist */ = {isa = PBXFileReference; lastKnownFileType = text.plist.xml; path = Info.plist; sourceTree = "<group>"; };
		DB7A8D4125B4CE3D00E8D2DF /* JoinView.swift */ = {isa = PBXFileReference; lastKnownFileType = sourcecode.swift; path = JoinView.swift; sourceTree = "<group>"; };
		DB7A8D4F25B4E86C00E8D2DF /* ParticipantRoom.swift */ = {isa = PBXFileReference; lastKnownFileType = sourcecode.swift; path = ParticipantRoom.swift; sourceTree = "<group>"; };
/* End PBXFileReference section */

/* Begin PBXFrameworksBuildPhase section */
		DB7A8D0425B4C8DB00E8D2DF /* Frameworks */ = {
			isa = PBXFrameworksBuildPhase;
			buildActionMask = 2147483647;
			files = (
			);
			runOnlyForDeploymentPostprocessing = 0;
		};
		DB7A8D0C25B4C8DB00E8D2DF /* Frameworks */ = {
			isa = PBXFrameworksBuildPhase;
			buildActionMask = 2147483647;
			files = (
			);
			runOnlyForDeploymentPostprocessing = 0;
		};
		DB7A8D1425B4C8DB00E8D2DF /* Frameworks */ = {
			isa = PBXFrameworksBuildPhase;
			buildActionMask = 2147483647;
			files = (
			);
			runOnlyForDeploymentPostprocessing = 0;
		};
		DB7A8D1F25B4C8DB00E8D2DF /* Frameworks */ = {
			isa = PBXFrameworksBuildPhase;
			buildActionMask = 2147483647;
			files = (
			);
			runOnlyForDeploymentPostprocessing = 0;
		};
/* End PBXFrameworksBuildPhase section */

/* Begin PBXGroup section */
		DB7A8CFA25B4C8D900E8D2DF = {
			isa = PBXGroup;
			children = (
				DB7A8CFF25B4C8D900E8D2DF /* Shared */,
				DB7A8D0925B4C8DB00E8D2DF /* iOS */,
				DB7A8D1025B4C8DB00E8D2DF /* macOS */,
				DB7A8D1A25B4C8DB00E8D2DF /* Tests iOS */,
				DB7A8D2525B4C8DB00E8D2DF /* Tests macOS */,
				DB7A8D0825B4C8DB00E8D2DF /* Products */,
			);
			sourceTree = "<group>";
		};
		DB7A8CFF25B4C8D900E8D2DF /* Shared */ = {
			isa = PBXGroup;
			children = (
				DB7A8D5A25B4EC2700E8D2DF /* Views */,
				DB7A8D4E25B4E84D00E8D2DF /* Models */,
				DB7A8D0025B4C8D900E8D2DF /* pqApp.swift */,
				DB7A8D0225B4C8DB00E8D2DF /* Assets.xcassets */,
			);
			path = Shared;
			sourceTree = "<group>";
		};
		DB7A8D0825B4C8DB00E8D2DF /* Products */ = {
			isa = PBXGroup;
			children = (
				DB7A8D0725B4C8DB00E8D2DF /* pq.app */,
				DB7A8D0F25B4C8DB00E8D2DF /* pq.app */,
				DB7A8D1725B4C8DB00E8D2DF /* Tests iOS.xctest */,
				DB7A8D2225B4C8DB00E8D2DF /* Tests macOS.xctest */,
			);
			name = Products;
			sourceTree = "<group>";
		};
		DB7A8D0925B4C8DB00E8D2DF /* iOS */ = {
			isa = PBXGroup;
			children = (
				DB7A8D0A25B4C8DB00E8D2DF /* Info.plist */,
			);
			path = iOS;
			sourceTree = "<group>";
		};
		DB7A8D1025B4C8DB00E8D2DF /* macOS */ = {
			isa = PBXGroup;
			children = (
				DB7A8D1125B4C8DB00E8D2DF /* Info.plist */,
				DB7A8D1225B4C8DB00E8D2DF /* macOS.entitlements */,
			);
			path = macOS;
			sourceTree = "<group>";
		};
		DB7A8D1A25B4C8DB00E8D2DF /* Tests iOS */ = {
			isa = PBXGroup;
			children = (
				DB7A8D1B25B4C8DB00E8D2DF /* Tests_iOS.swift */,
				DB7A8D1D25B4C8DB00E8D2DF /* Info.plist */,
			);
			path = "Tests iOS";
			sourceTree = "<group>";
		};
		DB7A8D2525B4C8DB00E8D2DF /* Tests macOS */ = {
			isa = PBXGroup;
			children = (
				DB7A8D2625B4C8DB00E8D2DF /* Tests_macOS.swift */,
				DB7A8D2825B4C8DB00E8D2DF /* Info.plist */,
			);
			path = "Tests macOS";
			sourceTree = "<group>";
		};
		DB7A8D4E25B4E84D00E8D2DF /* Models */ = {
			isa = PBXGroup;
			children = (
			);
			path = Models;
			sourceTree = "<group>";
		};
		DB7A8D5A25B4EC2700E8D2DF /* Views */ = {
			isa = PBXGroup;
			children = (
				DB7A8D5B25B4EC4200E8D2DF /* GameRoom */,
				DB7A8D0125B4C8D900E8D2DF /* ContentView.swift */,
				DB7A8D4125B4CE3D00E8D2DF /* JoinView.swift */,
			);
			path = Views;
			sourceTree = "<group>";
		};
		DB7A8D5B25B4EC4200E8D2DF /* GameRoom */ = {
			isa = PBXGroup;
			children = (
				DB7A8D4F25B4E86C00E8D2DF /* ParticipantRoom.swift */,
			);
			path = GameRoom;
			sourceTree = "<group>";
		};
/* End PBXGroup section */

/* Begin PBXNativeTarget section */
		DB7A8D0625B4C8DB00E8D2DF /* pq (iOS) */ = {
			isa = PBXNativeTarget;
			buildConfigurationList = DB7A8D3125B4C8DB00E8D2DF /* Build configuration list for PBXNativeTarget "pq (iOS)" */;
			buildPhases = (
				DB7A8D0325B4C8DB00E8D2DF /* Sources */,
				DB7A8D0425B4C8DB00E8D2DF /* Frameworks */,
				DB7A8D0525B4C8DB00E8D2DF /* Resources */,
			);
			buildRules = (
			);
			dependencies = (
			);
			name = "pq (iOS)";
			productName = "pq (iOS)";
			productReference = DB7A8D0725B4C8DB00E8D2DF /* pq.app */;
			productType = "com.apple.product-type.application";
		};
		DB7A8D0E25B4C8DB00E8D2DF /* pq (macOS) */ = {
			isa = PBXNativeTarget;
			buildConfigurationList = DB7A8D3425B4C8DB00E8D2DF /* Build configuration list for PBXNativeTarget "pq (macOS)" */;
			buildPhases = (
				DB7A8D0B25B4C8DB00E8D2DF /* Sources */,
				DB7A8D0C25B4C8DB00E8D2DF /* Frameworks */,
				DB7A8D0D25B4C8DB00E8D2DF /* Resources */,
			);
			buildRules = (
			);
			dependencies = (
			);
			name = "pq (macOS)";
			productName = "pq (macOS)";
			productReference = DB7A8D0F25B4C8DB00E8D2DF /* pq.app */;
			productType = "com.apple.product-type.application";
		};
		DB7A8D1625B4C8DB00E8D2DF /* Tests iOS */ = {
			isa = PBXNativeTarget;
			buildConfigurationList = DB7A8D3725B4C8DB00E8D2DF /* Build configuration list for PBXNativeTarget "Tests iOS" */;
			buildPhases = (
				DB7A8D1325B4C8DB00E8D2DF /* Sources */,
				DB7A8D1425B4C8DB00E8D2DF /* Frameworks */,
				DB7A8D1525B4C8DB00E8D2DF /* Resources */,
			);
			buildRules = (
			);
			dependencies = (
				DB7A8D1925B4C8DB00E8D2DF /* PBXTargetDependency */,
			);
			name = "Tests iOS";
			productName = "Tests iOS";
			productReference = DB7A8D1725B4C8DB00E8D2DF /* Tests iOS.xctest */;
			productType = "com.apple.product-type.bundle.ui-testing";
		};
		DB7A8D2125B4C8DB00E8D2DF /* Tests macOS */ = {
			isa = PBXNativeTarget;
			buildConfigurationList = DB7A8D3A25B4C8DB00E8D2DF /* Build configuration list for PBXNativeTarget "Tests macOS" */;
			buildPhases = (
				DB7A8D1E25B4C8DB00E8D2DF /* Sources */,
				DB7A8D1F25B4C8DB00E8D2DF /* Frameworks */,
				DB7A8D2025B4C8DB00E8D2DF /* Resources */,
			);
			buildRules = (
			);
			dependencies = (
				DB7A8D2425B4C8DB00E8D2DF /* PBXTargetDependency */,
			);
			name = "Tests macOS";
			productName = "Tests macOS";
			productReference = DB7A8D2225B4C8DB00E8D2DF /* Tests macOS.xctest */;
			productType = "com.apple.product-type.bundle.ui-testing";
		};
/* End PBXNativeTarget section */

/* Begin PBXProject section */
		DB7A8CFB25B4C8D900E8D2DF /* Project object */ = {
			isa = PBXProject;
			attributes = {
				LastSwiftUpdateCheck = 1230;
				LastUpgradeCheck = 1230;
				TargetAttributes = {
					DB7A8D0625B4C8DB00E8D2DF = {
						CreatedOnToolsVersion = 12.3;
					};
					DB7A8D0E25B4C8DB00E8D2DF = {
						CreatedOnToolsVersion = 12.3;
					};
					DB7A8D1625B4C8DB00E8D2DF = {
						CreatedOnToolsVersion = 12.3;
						TestTargetID = DB7A8D0625B4C8DB00E8D2DF;
					};
					DB7A8D2125B4C8DB00E8D2DF = {
						CreatedOnToolsVersion = 12.3;
						TestTargetID = DB7A8D0E25B4C8DB00E8D2DF;
					};
				};
			};
			buildConfigurationList = DB7A8CFE25B4C8D900E8D2DF /* Build configuration list for PBXProject "pq" */;
			compatibilityVersion = "Xcode 9.3";
			developmentRegion = en;
			hasScannedForEncodings = 0;
			knownRegions = (
				en,
				Base,
			);
			mainGroup = DB7A8CFA25B4C8D900E8D2DF;
			productRefGroup = DB7A8D0825B4C8DB00E8D2DF /* Products */;
			projectDirPath = "";
			projectRoot = "";
			targets = (
				DB7A8D0625B4C8DB00E8D2DF /* pq (iOS) */,
				DB7A8D0E25B4C8DB00E8D2DF /* pq (macOS) */,
				DB7A8D1625B4C8DB00E8D2DF /* Tests iOS */,
				DB7A8D2125B4C8DB00E8D2DF /* Tests macOS */,
			);
		};
/* End PBXProject section */

/* Begin PBXResourcesBuildPhase section */
		DB7A8D0525B4C8DB00E8D2DF /* Resources */ = {
			isa = PBXResourcesBuildPhase;
			buildActionMask = 2147483647;
			files = (
				DB7A8D2D25B4C8DB00E8D2DF /* Assets.xcassets in Resources */,
			);
			runOnlyForDeploymentPostprocessing = 0;
		};
		DB7A8D0D25B4C8DB00E8D2DF /* Resources */ = {
			isa = PBXResourcesBuildPhase;
			buildActionMask = 2147483647;
			files = (
				DB7A8D2E25B4C8DB00E8D2DF /* Assets.xcassets in Resources */,
			);
			runOnlyForDeploymentPostprocessing = 0;
		};
		DB7A8D1525B4C8DB00E8D2DF /* Resources */ = {
			isa = PBXResourcesBuildPhase;
			buildActionMask = 2147483647;
			files = (
			);
			runOnlyForDeploymentPostprocessing = 0;
		};
		DB7A8D2025B4C8DB00E8D2DF /* Resources */ = {
			isa = PBXResourcesBuildPhase;
			buildActionMask = 2147483647;
			files = (
			);
			runOnlyForDeploymentPostprocessing = 0;
		};
/* End PBXResourcesBuildPhase section */

/* Begin PBXSourcesBuildPhase section */
		DB7A8D0325B4C8DB00E8D2DF /* Sources */ = {
			isa = PBXSourcesBuildPhase;
			buildActionMask = 2147483647;
			files = (
				DB7A8D5025B4E86C00E8D2DF /* ParticipantRoom.swift in Sources */,
				DB7A8D2B25B4C8DB00E8D2DF /* ContentView.swift in Sources */,
				DB7A8D4225B4CE3D00E8D2DF /* JoinView.swift in Sources */,
				DB7A8D2925B4C8DB00E8D2DF /* pqApp.swift in Sources */,
			);
			runOnlyForDeploymentPostprocessing = 0;
		};
		DB7A8D0B25B4C8DB00E8D2DF /* Sources */ = {
			isa = PBXSourcesBuildPhase;
			buildActionMask = 2147483647;
			files = (
				DB7A8D5125B4E86C00E8D2DF /* ParticipantRoom.swift in Sources */,
				DB7A8D2C25B4C8DB00E8D2DF /* ContentView.swift in Sources */,
				DB7A8D4325B4CE3D00E8D2DF /* JoinView.swift in Sources */,
				DB7A8D2A25B4C8DB00E8D2DF /* pqApp.swift in Sources */,
			);
			runOnlyForDeploymentPostprocessing = 0;
		};
		DB7A8D1325B4C8DB00E8D2DF /* Sources */ = {
			isa = PBXSourcesBuildPhase;
			buildActionMask = 2147483647;
			files = (
				DB7A8D1C25B4C8DB00E8D2DF /* Tests_iOS.swift in Sources */,
			);
			runOnlyForDeploymentPostprocessing = 0;
		};
		DB7A8D1E25B4C8DB00E8D2DF /* Sources */ = {
			isa = PBXSourcesBuildPhase;
			buildActionMask = 2147483647;
			files = (
				DB7A8D2725B4C8DB00E8D2DF /* Tests_macOS.swift in Sources */,
			);
			runOnlyForDeploymentPostprocessing = 0;
		};
/* End PBXSourcesBuildPhase section */

/* Begin PBXTargetDependency section */
		DB7A8D1925B4C8DB00E8D2DF /* PBXTargetDependency */ = {
			isa = PBXTargetDependency;
			target = DB7A8D0625B4C8DB00E8D2DF /* pq (iOS) */;
			targetProxy = DB7A8D1825B4C8DB00E8D2DF /* PBXContainerItemProxy */;
		};
		DB7A8D2425B4C8DB00E8D2DF /* PBXTargetDependency */ = {
			isa = PBXTargetDependency;
			target = DB7A8D0E25B4C8DB00E8D2DF /* pq (macOS) */;
			targetProxy = DB7A8D2325B4C8DB00E8D2DF /* PBXContainerItemProxy */;
		};
/* End PBXTargetDependency section */

/* Begin XCBuildConfiguration section */
		DB7A8D2F25B4C8DB00E8D2DF /* Debug */ = {
			isa = XCBuildConfiguration;
			buildSettings = {
				ALWAYS_SEARCH_USER_PATHS = NO;
				CLANG_ANALYZER_NONNULL = YES;
				CLANG_ANALYZER_NUMBER_OBJECT_CONVERSION = YES_AGGRESSIVE;
				CLANG_CXX_LANGUAGE_STANDARD = "gnu++14";
				CLANG_CXX_LIBRARY = "libc++";
				CLANG_ENABLE_MODULES = YES;
				CLANG_ENABLE_OBJC_ARC = YES;
				CLANG_ENABLE_OBJC_WEAK = YES;
				CLANG_WARN_BLOCK_CAPTURE_AUTORELEASING = YES;
				CLANG_WARN_BOOL_CONVERSION = YES;
				CLANG_WARN_COMMA = YES;
				CLANG_WARN_CONSTANT_CONVERSION = YES;
				CLANG_WARN_DEPRECATED_OBJC_IMPLEMENTATIONS = YES;
				CLANG_WARN_DIRECT_OBJC_ISA_USAGE = YES_ERROR;
				CLANG_WARN_DOCUMENTATION_COMMENTS = YES;
				CLANG_WARN_EMPTY_BODY = YES;
				CLANG_WARN_ENUM_CONVERSION = YES;
				CLANG_WARN_INFINITE_RECURSION = YES;
				CLANG_WARN_INT_CONVERSION = YES;
				CLANG_WARN_NON_LITERAL_NULL_CONVERSION = YES;
				CLANG_WARN_OBJC_IMPLICIT_RETAIN_SELF = YES;
				CLANG_WARN_OBJC_LITERAL_CONVERSION = YES;
				CLANG_WARN_OBJC_ROOT_CLASS = YES_ERROR;
				CLANG_WARN_QUOTED_INCLUDE_IN_FRAMEWORK_HEADER = YES;
				CLANG_WARN_RANGE_LOOP_ANALYSIS = YES;
				CLANG_WARN_STRICT_PROTOTYPES = YES;
				CLANG_WARN_SUSPICIOUS_MOVE = YES;
				CLANG_WARN_UNGUARDED_AVAILABILITY = YES_AGGRESSIVE;
				CLANG_WARN_UNREACHABLE_CODE = YES;
				CLANG_WARN__DUPLICATE_METHOD_MATCH = YES;
				COPY_PHASE_STRIP = NO;
				DEBUG_INFORMATION_FORMAT = dwarf;
				ENABLE_STRICT_OBJC_MSGSEND = YES;
				ENABLE_TESTABILITY = YES;
				GCC_C_LANGUAGE_STANDARD = gnu11;
				GCC_DYNAMIC_NO_PIC = NO;
				GCC_NO_COMMON_BLOCKS = YES;
				GCC_OPTIMIZATION_LEVEL = 0;
				GCC_PREPROCESSOR_DEFINITIONS = (
					"DEBUG=1",
					"$(inherited)",
				);
				GCC_WARN_64_TO_32_BIT_CONVERSION = YES;
				GCC_WARN_ABOUT_RETURN_TYPE = YES_ERROR;
				GCC_WARN_UNDECLARED_SELECTOR = YES;
				GCC_WARN_UNINITIALIZED_AUTOS = YES_AGGRESSIVE;
				GCC_WARN_UNUSED_FUNCTION = YES;
				GCC_WARN_UNUSED_VARIABLE = YES;
				MTL_ENABLE_DEBUG_INFO = INCLUDE_SOURCE;
				MTL_FAST_MATH = YES;
				ONLY_ACTIVE_ARCH = YES;
				SWIFT_ACTIVE_COMPILATION_CONDITIONS = DEBUG;
				SWIFT_OPTIMIZATION_LEVEL = "-Onone";
			};
			name = Debug;
		};
		DB7A8D3025B4C8DB00E8D2DF /* Release */ = {
			isa = XCBuildConfiguration;
			buildSettings = {
				ALWAYS_SEARCH_USER_PATHS = NO;
				CLANG_ANALYZER_NONNULL = YES;
				CLANG_ANALYZER_NUMBER_OBJECT_CONVERSION = YES_AGGRESSIVE;
				CLANG_CXX_LANGUAGE_STANDARD = "gnu++14";
				CLANG_CXX_LIBRARY = "libc++";
				CLANG_ENABLE_MODULES = YES;
				CLANG_ENABLE_OBJC_ARC = YES;
				CLANG_ENABLE_OBJC_WEAK = YES;
				CLANG_WARN_BLOCK_CAPTURE_AUTORELEASING = YES;
				CLANG_WARN_BOOL_CONVERSION = YES;
				CLANG_WARN_COMMA = YES;
				CLANG_WARN_CONSTANT_CONVERSION = YES;
				CLANG_WARN_DEPRECATED_OBJC_IMPLEMENTATIONS = YES;
				CLANG_WARN_DIRECT_OBJC_ISA_USAGE = YES_ERROR;
				CLANG_WARN_DOCUMENTATION_COMMENTS = YES;
				CLANG_WARN_EMPTY_BODY = YES;
				CLANG_WARN_ENUM_CONVERSION = YES;
				CLANG_WARN_INFINITE_RECURSION = YES;
				CLANG_WARN_INT_CONVERSION = YES;
				CLANG_WARN_NON_LITERAL_NULL_CONVERSION = YES;
				CLANG_WARN_OBJC_IMPLICIT_RETAIN_SELF = YES;
				CLANG_WARN_OBJC_LITERAL_CONVERSION = YES;
				CLANG_WARN_OBJC_ROOT_CLASS = YES_ERROR;
				CLANG_WARN_QUOTED_INCLUDE_IN_FRAMEWORK_HEADER = YES;
				CLANG_WARN_RANGE_LOOP_ANALYSIS = YES;
				CLANG_WARN_STRICT_PROTOTYPES = YES;
				CLANG_WARN_SUSPICIOUS_MOVE = YES;
				CLANG_WARN_UNGUARDED_AVAILABILITY = YES_AGGRESSIVE;
				CLANG_WARN_UNREACHABLE_CODE = YES;
				CLANG_WARN__DUPLICATE_METHOD_MATCH = YES;
				COPY_PHASE_STRIP = NO;
				DEBUG_INFORMATION_FORMAT = "dwarf-with-dsym";
				ENABLE_NS_ASSERTIONS = NO;
				ENABLE_STRICT_OBJC_MSGSEND = YES;
				GCC_C_LANGUAGE_STANDARD = gnu11;
				GCC_NO_COMMON_BLOCKS = YES;
				GCC_WARN_64_TO_32_BIT_CONVERSION = YES;
				GCC_WARN_ABOUT_RETURN_TYPE = YES_ERROR;
				GCC_WARN_UNDECLARED_SELECTOR = YES;
				GCC_WARN_UNINITIALIZED_AUTOS = YES_AGGRESSIVE;
				GCC_WARN_UNUSED_FUNCTION = YES;
				GCC_WARN_UNUSED_VARIABLE = YES;
				MTL_ENABLE_DEBUG_INFO = NO;
				MTL_FAST_MATH = YES;
				SWIFT_COMPILATION_MODE = wholemodule;
				SWIFT_OPTIMIZATION_LEVEL = "-O";
			};
			name = Release;
		};
		DB7A8D3225B4C8DB00E8D2DF /* Debug */ = {
			isa = XCBuildConfiguration;
			buildSettings = {
				ASSETCATALOG_COMPILER_APPICON_NAME = AppIcon;
				ASSETCATALOG_COMPILER_GLOBAL_ACCENT_COLOR_NAME = AccentColor;
				CODE_SIGN_STYLE = Automatic;
				ENABLE_PREVIEWS = YES;
				INFOPLIST_FILE = iOS/Info.plist;
				IPHONEOS_DEPLOYMENT_TARGET = 14.0;
				LD_RUNPATH_SEARCH_PATHS = (
					"$(inherited)",
					"@executable_path/Frameworks",
				);
				PRODUCT_BUNDLE_IDENTIFIER = com.arcing.pq;
				PRODUCT_NAME = pq;
				SDKROOT = iphoneos;
				SWIFT_VERSION = 5.0;
				TARGETED_DEVICE_FAMILY = "1,2";
			};
			name = Debug;
		};
		DB7A8D3325B4C8DB00E8D2DF /* Release */ = {
			isa = XCBuildConfiguration;
			buildSettings = {
				ASSETCATALOG_COMPILER_APPICON_NAME = AppIcon;
				ASSETCATALOG_COMPILER_GLOBAL_ACCENT_COLOR_NAME = AccentColor;
				CODE_SIGN_STYLE = Automatic;
				ENABLE_PREVIEWS = YES;
				INFOPLIST_FILE = iOS/Info.plist;
				IPHONEOS_DEPLOYMENT_TARGET = 14.0;
				LD_RUNPATH_SEARCH_PATHS = (
					"$(inherited)",
					"@executable_path/Frameworks",
				);
				PRODUCT_BUNDLE_IDENTIFIER = com.arcing.pq;
				PRODUCT_NAME = pq;
				SDKROOT = iphoneos;
				SWIFT_VERSION = 5.0;
				TARGETED_DEVICE_FAMILY = "1,2";
				VALIDATE_PRODUCT = YES;
			};
			name = Release;
		};
		DB7A8D3525B4C8DB00E8D2DF /* Debug */ = {
			isa = XCBuildConfiguration;
			buildSettings = {
				ASSETCATALOG_COMPILER_APPICON_NAME = AppIcon;
				ASSETCATALOG_COMPILER_GLOBAL_ACCENT_COLOR_NAME = AccentColor;
				CODE_SIGN_ENTITLEMENTS = macOS/macOS.entitlements;
				CODE_SIGN_STYLE = Automatic;
				COMBINE_HIDPI_IMAGES = YES;
				ENABLE_PREVIEWS = YES;
				INFOPLIST_FILE = macOS/Info.plist;
				LD_RUNPATH_SEARCH_PATHS = (
					"$(inherited)",
					"@executable_path/../Frameworks",
				);
				MACOSX_DEPLOYMENT_TARGET = 11.0;
				PRODUCT_BUNDLE_IDENTIFIER = com.arcing.pq;
				PRODUCT_NAME = pq;
				SDKROOT = macosx;
				SWIFT_VERSION = 5.0;
			};
			name = Debug;
		};
		DB7A8D3625B4C8DB00E8D2DF /* Release */ = {
			isa = XCBuildConfiguration;
			buildSettings = {
				ASSETCATALOG_COMPILER_APPICON_NAME = AppIcon;
				ASSETCATALOG_COMPILER_GLOBAL_ACCENT_COLOR_NAME = AccentColor;
				CODE_SIGN_ENTITLEMENTS = macOS/macOS.entitlements;
				CODE_SIGN_STYLE = Automatic;
				COMBINE_HIDPI_IMAGES = YES;
				ENABLE_PREVIEWS = YES;
				INFOPLIST_FILE = macOS/Info.plist;
				LD_RUNPATH_SEARCH_PATHS = (
					"$(inherited)",
					"@executable_path/../Frameworks",
				);
				MACOSX_DEPLOYMENT_TARGET = 11.0;
				PRODUCT_BUNDLE_IDENTIFIER = com.arcing.pq;
				PRODUCT_NAME = pq;
				SDKROOT = macosx;
				SWIFT_VERSION = 5.0;
			};
			name = Release;
		};
		DB7A8D3825B4C8DB00E8D2DF /* Debug */ = {
			isa = XCBuildConfiguration;
			buildSettings = {
				ALWAYS_EMBED_SWIFT_STANDARD_LIBRARIES = YES;
				CODE_SIGN_STYLE = Automatic;
				INFOPLIST_FILE = "Tests iOS/Info.plist";
				IPHONEOS_DEPLOYMENT_TARGET = 14.3;
				LD_RUNPATH_SEARCH_PATHS = (
					"$(inherited)",
					"@executable_path/Frameworks",
					"@loader_path/Frameworks",
				);
				PRODUCT_BUNDLE_IDENTIFIER = "com.arcing.Tests-iOS";
				PRODUCT_NAME = "$(TARGET_NAME)";
				SDKROOT = iphoneos;
				SWIFT_VERSION = 5.0;
				TARGETED_DEVICE_FAMILY = "1,2";
				TEST_TARGET_NAME = "pq (iOS)";
			};
			name = Debug;
		};
		DB7A8D3925B4C8DB00E8D2DF /* Release */ = {
			isa = XCBuildConfiguration;
			buildSettings = {
				ALWAYS_EMBED_SWIFT_STANDARD_LIBRARIES = YES;
				CODE_SIGN_STYLE = Automatic;
				INFOPLIST_FILE = "Tests iOS/Info.plist";
				IPHONEOS_DEPLOYMENT_TARGET = 14.3;
				LD_RUNPATH_SEARCH_PATHS = (
					"$(inherited)",
					"@executable_path/Frameworks",
					"@loader_path/Frameworks",
				);
				PRODUCT_BUNDLE_IDENTIFIER = "com.arcing.Tests-iOS";
				PRODUCT_NAME = "$(TARGET_NAME)";
				SDKROOT = iphoneos;
				SWIFT_VERSION = 5.0;
				TARGETED_DEVICE_FAMILY = "1,2";
				TEST_TARGET_NAME = "pq (iOS)";
				VALIDATE_PRODUCT = YES;
			};
			name = Release;
		};
		DB7A8D3B25B4C8DB00E8D2DF /* Debug */ = {
			isa = XCBuildConfiguration;
			buildSettings = {
				ALWAYS_EMBED_SWIFT_STANDARD_LIBRARIES = YES;
				CODE_SIGN_STYLE = Automatic;
				COMBINE_HIDPI_IMAGES = YES;
				INFOPLIST_FILE = "Tests macOS/Info.plist";
				LD_RUNPATH_SEARCH_PATHS = (
					"$(inherited)",
					"@executable_path/../Frameworks",
					"@loader_path/../Frameworks",
				);
				MACOSX_DEPLOYMENT_TARGET = 11.1;
				PRODUCT_BUNDLE_IDENTIFIER = "com.arcing.Tests-macOS";
				PRODUCT_NAME = "$(TARGET_NAME)";
				SDKROOT = macosx;
				SWIFT_VERSION = 5.0;
				TEST_TARGET_NAME = "pq (macOS)";
			};
			name = Debug;
		};
		DB7A8D3C25B4C8DB00E8D2DF /* Release */ = {
			isa = XCBuildConfiguration;
			buildSettings = {
				ALWAYS_EMBED_SWIFT_STANDARD_LIBRARIES = YES;
				CODE_SIGN_STYLE = Automatic;
				COMBINE_HIDPI_IMAGES = YES;
				INFOPLIST_FILE = "Tests macOS/Info.plist";
				LD_RUNPATH_SEARCH_PATHS = (
					"$(inherited)",
					"@executable_path/../Frameworks",
					"@loader_path/../Frameworks",
				);
				MACOSX_DEPLOYMENT_TARGET = 11.1;
				PRODUCT_BUNDLE_IDENTIFIER = "com.arcing.Tests-macOS";
				PRODUCT_NAME = "$(TARGET_NAME)";
				SDKROOT = macosx;
				SWIFT_VERSION = 5.0;
				TEST_TARGET_NAME = "pq (macOS)";
			};
			name = Release;
		};
/* End XCBuildConfiguration section */

/* Begin XCConfigurationList section */
		DB7A8CFE25B4C8D900E8D2DF /* Build configuration list for PBXProject "pq" */ = {
			isa = XCConfigurationList;
			buildConfigurations = (
				DB7A8D2F25B4C8DB00E8D2DF /* Debug */,
				DB7A8D3025B4C8DB00E8D2DF /* Release */,
			);
			defaultConfigurationIsVisible = 0;
			defaultConfigurationName = Release;
		};
		DB7A8D3125B4C8DB00E8D2DF /* Build configuration list for PBXNativeTarget "pq (iOS)" */ = {
			isa = XCConfigurationList;
			buildConfigurations = (
				DB7A8D3225B4C8DB00E8D2DF /* Debug */,
				DB7A8D3325B4C8DB00E8D2DF /* Release */,
			);
			defaultConfigurationIsVisible = 0;
			defaultConfigurationName = Release;
		};
		DB7A8D3425B4C8DB00E8D2DF /* Build configuration list for PBXNativeTarget "pq (macOS)" */ = {
			isa = XCConfigurationList;
			buildConfigurations = (
				DB7A8D3525B4C8DB00E8D2DF /* Debug */,
				DB7A8D3625B4C8DB00E8D2DF /* Release */,
			);
			defaultConfigurationIsVisible = 0;
			defaultConfigurationName = Release;
		};
		DB7A8D3725B4C8DB00E8D2DF /* Build configuration list for PBXNativeTarget "Tests iOS" */ = {
			isa = XCConfigurationList;
			buildConfigurations = (
				DB7A8D3825B4C8DB00E8D2DF /* Debug */,
				DB7A8D3925B4C8DB00E8D2DF /* Release */,
			);
			defaultConfigurationIsVisible = 0;
			defaultConfigurationName = Release;
		};
		DB7A8D3A25B4C8DB00E8D2DF /* Build configuration list for PBXNativeTarget "Tests macOS" */ = {
			isa = XCConfigurationList;
			buildConfigurations = (
				DB7A8D3B25B4C8DB00E8D2DF /* Debug */,
				DB7A8D3C25B4C8DB00E8D2DF /* Release */,
			);
			defaultConfigurationIsVisible = 0;
			defaultConfigurationName = Release;
		};
/* End XCConfigurationList section */
	};
	rootObject = DB7A8CFB25B4C8D900E8D2DF /* Project object */;
}
